
Microsoft Visual Studio Solution File, Format Version 12.00
# Visual Studio 15
VisualStudioVersion = 15.0.25807.0
MinimumVisualStudioVersion = 10.0.40219.1
Project("{2150E333-8FDC-42A3-9474-1A3956D46DE8}") = "Engine", "Engine", "{EB5EBA3E-D9B8-47C5-81F1-BC86D380896B}"
EndProject
Project("{2150E333-8FDC-42A3-9474-1A3956D46DE8}") = "Games", "Games", "{F81D8937-BC55-4C2D-9D4F-2E3E5CB1346D}"
EndProject
Project("{8BC9CEB8-8B4A-11D0-8D11-00A0C91BC942}") = "UE4", "Intermediate\ProjectFiles\UE4.vcxproj", "{2CB429AB-F2E3-4A85-AAD8-5BB0CBE74F0E}"
EndProject
Project("{8BC9CEB8-8B4A-11D0-8D11-00A0C91BC942}") = "RSAction", "Intermediate\ProjectFiles\RSAction.vcxproj", "{08263EAB-A56B-4BD6-9A0D-CB4AD7FA7401}"
EndProject
Project("{2150E333-8FDC-42A3-9474-1A3956D46DE8}") = "Visualizers", "Visualizers", "{B8CE1109-CD08-4FFD-8207-453E7CA5B6BE}"
	ProjectSection(SolutionItems) = preProject
		..\Engine\Extras\VisualStudioDebugging\UE4.natvis = ..\Engine\Extras\VisualStudioDebugging\UE4.natvis
	EndProjectSection
EndProject
Global
	GlobalSection(SolutionConfigurationPlatforms) = preSolution
		DebugGame Client|Win32 = DebugGame Client|Win32
		DebugGame Client|Win64 = DebugGame Client|Win64
		DebugGame Client|x64 = DebugGame Client|x64
		DebugGame Editor|Win32 = DebugGame Editor|Win32
		DebugGame Editor|Win64 = DebugGame Editor|Win64
		DebugGame Editor|x64 = DebugGame Editor|x64
		DebugGame Server|Win32 = DebugGame Server|Win32
		DebugGame Server|Win64 = DebugGame Server|Win64
		DebugGame Server|x64 = DebugGame Server|x64
		DebugGame|Win32 = DebugGame|Win32
		DebugGame|Win64 = DebugGame|Win64
		DebugGame|x64 = DebugGame|x64
		Development Client|Win32 = Development Client|Win32
		Development Client|Win64 = Development Client|Win64
		Development Client|x64 = Development Client|x64
		Development Editor|Win32 = Development Editor|Win32
		Development Editor|Win64 = Development Editor|Win64
		Development Editor|x64 = Development Editor|x64
		Development Server|Win32 = Development Server|Win32
		Development Server|Win64 = Development Server|Win64
		Development Server|x64 = Development Server|x64
		Development|Win32 = Development|Win32
		Development|Win64 = Development|Win64
		Development|x64 = Development|x64
		Shipping Client|Win32 = Shipping Client|Win32
		Shipping Client|Win64 = Shipping Client|Win64
		Shipping Client|x64 = Shipping Client|x64
		Shipping Server|Win32 = Shipping Server|Win32
		Shipping Server|Win64 = Shipping Server|Win64
		Shipping Server|x64 = Shipping Server|x64
		Shipping|Win32 = Shipping|Win32
		Shipping|Win64 = Shipping|Win64
		Shipping|x64 = Shipping|x64
	EndGlobalSection
	GlobalSection(ProjectConfigurationPlatforms) = postSolution
		{2CB429AB-F2E3-4A85-AAD8-5BB0CBE74F0E}.DebugGame Client|Win32.ActiveCfg = BuiltWithUnrealBuildTool|Win32
		{2CB429AB-F2E3-4A85-AAD8-5BB0CBE74F0E}.DebugGame Client|Win64.ActiveCfg = BuiltWithUnrealBuildTool|Win32
		{2CB429AB-F2E3-4A85-AAD8-5BB0CBE74F0E}.DebugGame Client|x64.ActiveCfg = Invalid|x64
		{2CB429AB-F2E3-4A85-AAD8-5BB0CBE74F0E}.DebugGame Client|x64.Build.0 = Invalid|x64
		{2CB429AB-F2E3-4A85-AAD8-5BB0CBE74F0E}.DebugGame Editor|Win32.ActiveCfg = BuiltWithUnrealBuildTool|Win32
		{2CB429AB-F2E3-4A85-AAD8-5BB0CBE74F0E}.DebugGame Editor|Win64.ActiveCfg = BuiltWithUnrealBuildTool|Win32
		{2CB429AB-F2E3-4A85-AAD8-5BB0CBE74F0E}.DebugGame Editor|x64.ActiveCfg = BuiltWithUnrealBuildTool|x64
		{2CB429AB-F2E3-4A85-AAD8-5BB0CBE74F0E}.DebugGame Editor|x64.Build.0 = BuiltWithUnrealBuildTool|x64
		{2CB429AB-F2E3-4A85-AAD8-5BB0CBE74F0E}.DebugGame Server|Win32.ActiveCfg = BuiltWithUnrealBuildTool|Win32
		{2CB429AB-F2E3-4A85-AAD8-5BB0CBE74F0E}.DebugGame Server|Win64.ActiveCfg = BuiltWithUnrealBuildTool|Win32
		{2CB429AB-F2E3-4A85-AAD8-5BB0CBE74F0E}.DebugGame Server|x64.ActiveCfg = BuiltWithUnrealBuildTool|x64
		{2CB429AB-F2E3-4A85-AAD8-5BB0CBE74F0E}.DebugGame Server|x64.Build.0 = BuiltWithUnrealBuildTool|x64
		{2CB429AB-F2E3-4A85-AAD8-5BB0CBE74F0E}.DebugGame|Win32.ActiveCfg = BuiltWithUnrealBuildTool|Win32
		{2CB429AB-F2E3-4A85-AAD8-5BB0CBE74F0E}.DebugGame|Win64.ActiveCfg = BuiltWithUnrealBuildTool|Win32
		{2CB429AB-F2E3-4A85-AAD8-5BB0CBE74F0E}.DebugGame|x64.ActiveCfg = BuiltWithUnrealBuildTool|x64
		{2CB429AB-F2E3-4A85-AAD8-5BB0CBE74F0E}.DebugGame|x64.Build.0 = BuiltWithUnrealBuildTool|x64
		{2CB429AB-F2E3-4A85-AAD8-5BB0CBE74F0E}.Development Client|Win32.ActiveCfg = BuiltWithUnrealBuildTool|Win32
		{2CB429AB-F2E3-4A85-AAD8-5BB0CBE74F0E}.Development Client|Win64.ActiveCfg = BuiltWithUnrealBuildTool|Win32
		{2CB429AB-F2E3-4A85-AAD8-5BB0CBE74F0E}.Development Client|x64.ActiveCfg = BuiltWithUnrealBuildTool|x64
		{2CB429AB-F2E3-4A85-AAD8-5BB0CBE74F0E}.Development Client|x64.Build.0 = BuiltWithUnrealBuildTool|x64
		{2CB429AB-F2E3-4A85-AAD8-5BB0CBE74F0E}.Development Editor|Win32.ActiveCfg = BuiltWithUnrealBuildTool|Win32
		{2CB429AB-F2E3-4A85-AAD8-5BB0CBE74F0E}.Development Editor|Win64.ActiveCfg = BuiltWithUnrealBuildTool|x64
		{2CB429AB-F2E3-4A85-AAD8-5BB0CBE74F0E}.Development Editor|Win64.Build.0 = BuiltWithUnrealBuildTool|x64
		{2CB429AB-F2E3-4A85-AAD8-5BB0CBE74F0E}.Development Editor|x64.ActiveCfg = BuiltWithUnrealBuildTool|x64
		{2CB429AB-F2E3-4A85-AAD8-5BB0CBE74F0E}.Development Editor|x64.Build.0 = BuiltWithUnrealBuildTool|x64
		{2CB429AB-F2E3-4A85-AAD8-5BB0CBE74F0E}.Development Server|Win32.ActiveCfg = BuiltWithUnrealBuildTool|Win32
		{2CB429AB-F2E3-4A85-AAD8-5BB0CBE74F0E}.Development Server|Win64.ActiveCfg = BuiltWithUnrealBuildTool|Win32
		{2CB429AB-F2E3-4A85-AAD8-5BB0CBE74F0E}.Development Server|x64.ActiveCfg = BuiltWithUnrealBuildTool|x64
		{2CB429AB-F2E3-4A85-AAD8-5BB0CBE74F0E}.Development Server|x64.Build.0 = BuiltWithUnrealBuildTool|x64
		{2CB429AB-F2E3-4A85-AAD8-5BB0CBE74F0E}.Development|Win32.ActiveCfg = BuiltWithUnrealBuildTool|Win32
		{2CB429AB-F2E3-4A85-AAD8-5BB0CBE74F0E}.Development|Win64.ActiveCfg = BuiltWithUnrealBuildTool|Win32
		{2CB429AB-F2E3-4A85-AAD8-5BB0CBE74F0E}.Development|x64.ActiveCfg = BuiltWithUnrealBuildTool|x64
		{2CB429AB-F2E3-4A85-AAD8-5BB0CBE74F0E}.Development|x64.Build.0 = BuiltWithUnrealBuildTool|x64
		{2CB429AB-F2E3-4A85-AAD8-5BB0CBE74F0E}.Shipping Client|Win32.ActiveCfg = BuiltWithUnrealBuildTool|Win32
		{2CB429AB-F2E3-4A85-AAD8-5BB0CBE74F0E}.Shipping Client|Win64.ActiveCfg = BuiltWithUnrealBuildTool|Win32
		{2CB429AB-F2E3-4A85-AAD8-5BB0CBE74F0E}.Shipping Client|x64.ActiveCfg = BuiltWithUnrealBuildTool|x64
		{2CB429AB-F2E3-4A85-AAD8-5BB0CBE74F0E}.Shipping Client|x64.Build.0 = BuiltWithUnrealBuildTool|x64
		{2CB429AB-F2E3-4A85-AAD8-5BB0CBE74F0E}.Shipping Server|Win32.ActiveCfg = BuiltWithUnrealBuildTool|Win32
		{2CB429AB-F2E3-4A85-AAD8-5BB0CBE74F0E}.Shipping Server|Win64.ActiveCfg = BuiltWithUnrealBuildTool|Win32
		{2CB429AB-F2E3-4A85-AAD8-5BB0CBE74F0E}.Shipping Server|x64.ActiveCfg = BuiltWithUnrealBuildTool|x64
		{2CB429AB-F2E3-4A85-AAD8-5BB0CBE74F0E}.Shipping Server|x64.Build.0 = BuiltWithUnrealBuildTool|x64
		{2CB429AB-F2E3-4A85-AAD8-5BB0CBE74F0E}.Shipping|Win32.ActiveCfg = BuiltWithUnrealBuildTool|Win32
		{2CB429AB-F2E3-4A85-AAD8-5BB0CBE74F0E}.Shipping|Win64.ActiveCfg = BuiltWithUnrealBuildTool|Win32
		{2CB429AB-F2E3-4A85-AAD8-5BB0CBE74F0E}.Shipping|x64.ActiveCfg = BuiltWithUnrealBuildTool|x64
		{2CB429AB-F2E3-4A85-AAD8-5BB0CBE74F0E}.Shipping|x64.Build.0 = BuiltWithUnrealBuildTool|x64
		{08263EAB-A56B-4BD6-9A0D-CB4AD7FA7401}.DebugGame Client|Win32.ActiveCfg = DebugGame_Client|Win32
		{08263EAB-A56B-4BD6-9A0D-CB4AD7FA7401}.DebugGame Client|Win32.Build.0 = DebugGame_Client|Win32
		{08263EAB-A56B-4BD6-9A0D-CB4AD7FA7401}.DebugGame Client|Win64.ActiveCfg = DebugGame_Client|x64
		{08263EAB-A56B-4BD6-9A0D-CB4AD7FA7401}.DebugGame Client|Win64.Build.0 = DebugGame_Client|x64
		{08263EAB-A56B-4BD6-9A0D-CB4AD7FA7401}.DebugGame Client|x64.ActiveCfg = DebugGame|x64
		{08263EAB-A56B-4BD6-9A0D-CB4AD7FA7401}.DebugGame Client|x64.Build.0 = DebugGame|x64
		{08263EAB-A56B-4BD6-9A0D-CB4AD7FA7401}.DebugGame Editor|Win32.ActiveCfg = Invalid|Win32
		{08263EAB-A56B-4BD6-9A0D-CB4AD7FA7401}.DebugGame Editor|Win64.ActiveCfg = DebugGame_Editor|x64
		{08263EAB-A56B-4BD6-9A0D-CB4AD7FA7401}.DebugGame Editor|Win64.Build.0 = DebugGame_Editor|x64
		{08263EAB-A56B-4BD6-9A0D-CB4AD7FA7401}.DebugGame Editor|x64.ActiveCfg = DebugGame|x64
		{08263EAB-A56B-4BD6-9A0D-CB4AD7FA7401}.DebugGame Editor|x64.Build.0 = DebugGame|x64
		{08263EAB-A56B-4BD6-9A0D-CB4AD7FA7401}.DebugGame Server|Win32.ActiveCfg = DebugGame_Server|Win32
		{08263EAB-A56B-4BD6-9A0D-CB4AD7FA7401}.DebugGame Server|Win32.Build.0 = DebugGame_Server|Win32
		{08263EAB-A56B-4BD6-9A0D-CB4AD7FA7401}.DebugGame Server|Win64.ActiveCfg = DebugGame_Server|x64
		{08263EAB-A56B-4BD6-9A0D-CB4AD7FA7401}.DebugGame Server|Win64.Build.0 = DebugGame_Server|x64
		{08263EAB-A56B-4BD6-9A0D-CB4AD7FA7401}.DebugGame Server|x64.ActiveCfg = DebugGame|x64
		{08263EAB-A56B-4BD6-9A0D-CB4AD7FA7401}.DebugGame Server|x64.Build.0 = DebugGame|x64
		{08263EAB-A56B-4BD6-9A0D-CB4AD7FA7401}.DebugGame|Win32.ActiveCfg = DebugGame|Win32
		{08263EAB-A56B-4BD6-9A0D-CB4AD7FA7401}.DebugGame|Win32.Build.0 = DebugGame|Win32
		{08263EAB-A56B-4BD6-9A0D-CB4AD7FA7401}.DebugGame|Win64.ActiveCfg = DebugGame|x64
		{08263EAB-A56B-4BD6-9A0D-CB4AD7FA7401}.DebugGame|Win64.Build.0 = DebugGame|x64
		{08263EAB-A56B-4BD6-9A0D-CB4AD7FA7401}.DebugGame|x64.ActiveCfg = DebugGame|x64
		{08263EAB-A56B-4BD6-9A0D-CB4AD7FA7401}.DebugGame|x64.Build.0 = DebugGame|x64
		{08263EAB-A56B-4BD6-9A0D-CB4AD7FA7401}.Development Client|Win32.ActiveCfg = Development_Client|Win32
		{08263EAB-A56B-4BD6-9A0D-CB4AD7FA7401}.Development Client|Win32.Build.0 = Development_Client|Win32
		{08263EAB-A56B-4BD6-9A0D-CB4AD7FA7401}.Development Client|Win64.ActiveCfg = Development_Client|x64
		{08263EAB-A56B-4BD6-9A0D-CB4AD7FA7401}.Development Client|Win64.Build.0 = Development_Client|x64
		{08263EAB-A56B-4BD6-9A0D-CB4AD7FA7401}.Development Client|x64.ActiveCfg = Development|x64
		{08263EAB-A56B-4BD6-9A0D-CB4AD7FA7401}.Development Client|x64.Build.0 = Development|x64
		{08263EAB-A56B-4BD6-9A0D-CB4AD7FA7401}.Development Editor|Win32.ActiveCfg = Invalid|Win32
		{08263EAB-A56B-4BD6-9A0D-CB4AD7FA7401}.Development Editor|Win64.ActiveCfg = Development_Editor|x64
		{08263EAB-A56B-4BD6-9A0D-CB4AD7FA7401}.Development Editor|Win64.Build.0 = Development_Editor|x64
		{08263EAB-A56B-4BD6-9A0D-CB4AD7FA7401}.Development Editor|x64.ActiveCfg = Development|x64
		{08263EAB-A56B-4BD6-9A0D-CB4AD7FA7401}.Development Editor|x64.Build.0 = Development|x64
		{08263EAB-A56B-4BD6-9A0D-CB4AD7FA7401}.Development Server|Win32.ActiveCfg = Development_Server|Win32
		{08263EAB-A56B-4BD6-9A0D-CB4AD7FA7401}.Development Server|Win32.Build.0 = Development_Server|Win32
		{08263EAB-A56B-4BD6-9A0D-CB4AD7FA7401}.Development Server|Win64.ActiveCfg = Development_Server|x64
		{08263EAB-A56B-4BD6-9A0D-CB4AD7FA7401}.Development Server|Win64.Build.0 = Development_Server|x64
		{08263EAB-A56B-4BD6-9A0D-CB4AD7FA7401}.Development Server|x64.ActiveCfg = Development|x64
		{08263EAB-A56B-4BD6-9A0D-CB4AD7FA7401}.Development Server|x64.Build.0 = Development|x64
		{08263EAB-A56B-4BD6-9A0D-CB4AD7FA7401}.Development|Win32.ActiveCfg = Development|Win32
		{08263EAB-A56B-4BD6-9A0D-CB4AD7FA7401}.Development|Win32.Build.0 = Development|Win32
		{08263EAB-A56B-4BD6-9A0D-CB4AD7FA7401}.Development|Win64.ActiveCfg = Development|x64
		{08263EAB-A56B-4BD6-9A0D-CB4AD7FA7401}.Development|Win64.Build.0 = Development|x64
		{08263EAB-A56B-4BD6-9A0D-CB4AD7FA7401}.Development|x64.ActiveCfg = Development|x64
		{08263EAB-A56B-4BD6-9A0D-CB4AD7FA7401}.Development|x64.Build.0 = Development|x64
		{08263EAB-A56B-4BD6-9A0D-CB4AD7FA7401}.Shipping Client|Win32.ActiveCfg = Shipping_Client|Win32
		{08263EAB-A56B-4BD6-9A0D-CB4AD7FA7401}.Shipping Client|Win32.Build.0 = Shipping_Client|Win32
		{08263EAB-A56B-4BD6-9A0D-CB4AD7FA7401}.Shipping Client|Win64.ActiveCfg = Shipping_Client|x64
		{08263EAB-A56B-4BD6-9A0D-CB4AD7FA7401}.Shipping Client|Win64.Build.0 = Shipping_Client|x64
		{08263EAB-A56B-4BD6-9A0D-CB4AD7FA7401}.Shipping Client|x64.ActiveCfg = Shipping|x64
		{08263EAB-A56B-4BD6-9A0D-CB4AD7FA7401}.Shipping Client|x64.Build.0 = Shipping|x64
		{08263EAB-A56B-4BD6-9A0D-CB4AD7FA7401}.Shipping Server|Win32.ActiveCfg = Shipping_Server|Win32
		{08263EAB-A56B-4BD6-9A0D-CB4AD7FA7401}.Shipping Server|Win32.Build.0 = Shipping_Server|Win32
		{08263EAB-A56B-4BD6-9A0D-CB4AD7FA7401}.Shipping Server|Win64.ActiveCfg = Shipping_Server|x64
		{08263EAB-A56B-4BD6-9A0D-CB4AD7FA7401}.Shipping Server|Win64.Build.0 = Shipping_Server|x64
		{08263EAB-A56B-4BD6-9A0D-CB4AD7FA7401}.Shipping Server|x64.ActiveCfg = Shipping|x64
		{08263EAB-A56B-4BD6-9A0D-CB4AD7FA7401}.Shipping Server|x64.Build.0 = Shipping|x64
		{08263EAB-A56B-4BD6-9A0D-CB4AD7FA7401}.Shipping|Win32.ActiveCfg = Shipping|Win32
		{08263EAB-A56B-4BD6-9A0D-CB4AD7FA7401}.Shipping|Win32.Build.0 = Shipping|Win32
		{08263EAB-A56B-4BD6-9A0D-CB4AD7FA7401}.Shipping|Win64.ActiveCfg = Shipping|x64
		{08263EAB-A56B-4BD6-9A0D-CB4AD7FA7401}.Shipping|Win64.Build.0 = Shipping|x64
		{08263EAB-A56B-4BD6-9A0D-CB4AD7FA7401}.Shipping|x64.ActiveCfg = Shipping|x64
		{08263EAB-A56B-4BD6-9A0D-CB4AD7FA7401}.Shipping|x64.Build.0 = Shipping|x64
	EndGlobalSection
	GlobalSection(SolutionProperties) = preSolution
		HideSolutionNode = FALSE
	EndGlobalSection
	GlobalSection(NestedProjects) = preSolution
		{2CB429AB-F2E3-4A85-AAD8-5BB0CBE74F0E} = {EB5EBA3E-D9B8-47C5-81F1-BC86D380896B}
		{08263EAB-A56B-4BD6-9A0D-CB4AD7FA7401} = {F81D8937-BC55-4C2D-9D4F-2E3E5CB1346D}
	EndGlobalSection
	GlobalSection(ExtensibilityGlobals) = postSolution
		SolutionGuid = {AEEEE721-F568-467B-8D58-865552A3C39B}
	EndGlobalSection
EndGlobal
